// !$*UTF8*$!
{
	archiveVersion = 1;
	classes = {
	};
	objectVersion = 46;
	objects = {

/* Begin PBXBuildFile section */
		_LinkFileRef_SynchronousProcess_via_SynchronousProcessTests /* SynchronousProcess.framework in Frameworks */ = {isa = PBXBuildFile; fileRef = "_____Product_SynchronousProcess" /* SynchronousProcess.framework */; };
		__src_cc_ref_Sources/SynchronousProcess.swift /* SynchronousProcess.swift in Sources */ = {isa = PBXBuildFile; fileRef = __PBXFileRef_Sources/SynchronousProcess.swift /* SynchronousProcess.swift */; };
		__src_cc_ref_Tests/SynchronousProcessTests/SynchronousProcessTests.swift /* SynchronousProcessTests.swift in Sources */ = {isa = PBXBuildFile; fileRef = __PBXFileRef_Tests/SynchronousProcessTests/SynchronousProcessTests.swift /* SynchronousProcessTests.swift */; };
/* End PBXBuildFile section */

/* Begin PBXContainerItemProxy section */
		388A2FE11D66914000EB2046 /* PBXContainerItemProxy */ = {
			isa = PBXContainerItemProxy;
			containerPortal = __RootObject_ /* Project object */;
			proxyType = 1;
			remoteGlobalIDString = "______Target_SynchronousProcess";
			remoteInfo = SynchronousProcess;
		};
/* End PBXContainerItemProxy section */

/* Begin PBXFileReference section */
		__PBXFileRef_Package.swift /* Package.swift */ = {isa = PBXFileReference; lastKnownFileType = sourcecode.swift; path = Package.swift; sourceTree = "<group>"; };
		__PBXFileRef_Sources/SynchronousProcess.swift /* SynchronousProcess.swift */ = {isa = PBXFileReference; lastKnownFileType = sourcecode.swift; path = SynchronousProcess.swift; sourceTree = "<group>"; };
		__PBXFileRef_SynchronousProcess.xcodeproj/Configs/Project.xcconfig /* SynchronousProcess.xcodeproj/Configs/Project.xcconfig */ = {isa = PBXFileReference; lastKnownFileType = text.xcconfig; path = SynchronousProcess.xcodeproj/Configs/Project.xcconfig; sourceTree = "<group>"; };
		__PBXFileRef_Tests/SynchronousProcessTests/SynchronousProcessTests.swift /* SynchronousProcessTests.swift */ = {isa = PBXFileReference; lastKnownFileType = sourcecode.swift; path = SynchronousProcessTests.swift; sourceTree = "<group>"; };
		"_____Product_SynchronousProcess" /* SynchronousProcess.framework */ = {isa = PBXFileReference; explicitFileType = wrapper.framework; path = SynchronousProcess.framework; sourceTree = BUILT_PRODUCTS_DIR; };
		"_____Product_SynchronousProcessTests" /* SynchronousProcessTests.xctest */ = {isa = PBXFileReference; explicitFileType = wrapper.cfbundle; path = SynchronousProcessTests.xctest; sourceTree = BUILT_PRODUCTS_DIR; };
/* End PBXFileReference section */

/* Begin PBXFrameworksBuildPhase section */
		"___LinkPhase_SynchronousProcess" /* Frameworks */ = {
			isa = PBXFrameworksBuildPhase;
			buildActionMask = 0;
			files = (
			);
			runOnlyForDeploymentPostprocessing = 0;
		};
		"___LinkPhase_SynchronousProcessTests" /* Frameworks */ = {
			isa = PBXFrameworksBuildPhase;
			buildActionMask = 0;
			files = (
				_LinkFileRef_SynchronousProcess_via_SynchronousProcessTests /* SynchronousProcess.framework in Frameworks */,
			);
			runOnlyForDeploymentPostprocessing = 0;
		};
/* End PBXFrameworksBuildPhase section */

/* Begin PBXGroup section */
		TestProducts_ /* Tests */ = {
			isa = PBXGroup;
			children = (
				"_____Product_SynchronousProcessTests" /* SynchronousProcessTests.xctest */,
			);
			name = Tests;
			sourceTree = "<group>";
		};
		"___RootGroup_" = {
			isa = PBXGroup;
			children = (
				__PBXFileRef_Package.swift /* Package.swift */,
				"_____Configs_" /* Configs */,
				"_____Sources_" /* Sources */,
				"_______Tests_" /* Tests */,
				"____Products_" /* Products */,
			);
			sourceTree = "<group>";
		};
		"____Products_" /* Products */ = {
			isa = PBXGroup;
			children = (
				TestProducts_ /* Tests */,
				"_____Product_SynchronousProcess" /* SynchronousProcess.framework */,
			);
			name = Products;
			sourceTree = "<group>";
		};
		"_____Configs_" /* Configs */ = {
			isa = PBXGroup;
			children = (
				__PBXFileRef_SynchronousProcess.xcodeproj/Configs/Project.xcconfig /* SynchronousProcess.xcodeproj/Configs/Project.xcconfig */,
			);
			name = Configs;
			sourceTree = "<group>";
		};
		"_____Sources_" /* Sources */ = {
			isa = PBXGroup;
			children = (
				"_______Group_SynchronousProcess" /* SynchronousProcess */,
			);
			name = Sources;
			sourceTree = "<group>";
		};
		"_______Group_SynchronousProcess" /* SynchronousProcess */ = {
			isa = PBXGroup;
			children = (
				__PBXFileRef_Sources/SynchronousProcess.swift /* SynchronousProcess.swift */,
			);
			name = SynchronousProcess;
			path = Sources;
			sourceTree = "<group>";
		};
		"_______Group_SynchronousProcessTests" /* SynchronousProcessTests */ = {
			isa = PBXGroup;
			children = (
				__PBXFileRef_Tests/SynchronousProcessTests/SynchronousProcessTests.swift /* SynchronousProcessTests.swift */,
			);
			name = SynchronousProcessTests;
			path = Tests/SynchronousProcessTests;
			sourceTree = "<group>";
		};
		"_______Tests_" /* Tests */ = {
			isa = PBXGroup;
			children = (
				"_______Group_SynchronousProcessTests" /* SynchronousProcessTests */,
			);
			name = Tests;
			sourceTree = "<group>";
		};
/* End PBXGroup section */

/* Begin PBXLegacyTarget section */
		388A2FE31D66925700EB2046 /* ExternalBuild */ = {
			isa = PBXLegacyTarget;
			buildArgumentsString = ExternalBuild.sh;
			buildConfigurationList = 388A2FE41D66925700EB2046 /* Build configuration list for PBXLegacyTarget "ExternalBuild" */;
			buildPhases = (
			);
			buildToolPath = sh;
			buildWorkingDirectory = "";
			dependencies = (
			);
			name = ExternalBuild;
			passBuildSettingsInEnvironment = 1;
			productName = ExternalBuild;
		};
/* End PBXLegacyTarget section */

/* Begin PBXNativeTarget section */
		"______Target_SynchronousProcess" /* SynchronousProcess */ = {
			isa = PBXNativeTarget;
			buildConfigurationList = "_______Confs_SynchronousProcess" /* Build configuration list for PBXNativeTarget "SynchronousProcess" */;
			buildPhases = (
				CompilePhase_SynchronousProcess /* Sources */,
				"___LinkPhase_SynchronousProcess" /* Frameworks */,
			);
			buildRules = (
			);
			dependencies = (
			);
			name = SynchronousProcess;
			productName = SynchronousProcess;
			productReference = "_____Product_SynchronousProcess" /* SynchronousProcess.framework */;
			productType = "com.apple.product-type.framework";
		};
		"______Target_SynchronousProcessTests" /* SynchronousProcessTests */ = {
			isa = PBXNativeTarget;
			buildConfigurationList = "_______Confs_SynchronousProcessTests" /* Build configuration list for PBXNativeTarget "SynchronousProcessTests" */;
			buildPhases = (
				CompilePhase_SynchronousProcessTests /* Sources */,
				"___LinkPhase_SynchronousProcessTests" /* Frameworks */,
			);
			buildRules = (
			);
			dependencies = (
				__Dependency_SynchronousProcess /* PBXTargetDependency */,
			);
			name = SynchronousProcessTests;
			productName = SynchronousProcessTests;
			productReference = "_____Product_SynchronousProcessTests" /* SynchronousProcessTests.xctest */;
			productType = "com.apple.product-type.bundle.unit-test";
		};
/* End PBXNativeTarget section */

/* Begin PBXProject section */
		__RootObject_ /* Project object */ = {
			isa = PBXProject;
			attributes = {
				LastUpgradeCheck = 9999;
				TargetAttributes = {
					388A2FE31D66925700EB2046 = {
						CreatedOnToolsVersion = 8.0;
						DevelopmentTeam = A43A74F4MB;
						ProvisioningStyle = Automatic;
					};
				};
			};
			buildConfigurationList = "___RootConfs_" /* Build configuration list for PBXProject "SynchronousProcess" */;
			compatibilityVersion = "Xcode 3.2";
			developmentRegion = English;
			hasScannedForEncodings = 0;
			knownRegions = (
				en,
			);
			mainGroup = "___RootGroup_";
			productRefGroup = "____Products_" /* Products */;
			projectDirPath = "";
			projectRoot = "";
			targets = (
				388A2FE31D66925700EB2046 /* ExternalBuild */,
				"______Target_SynchronousProcess" /* SynchronousProcess */,
				"______Target_SynchronousProcessTests" /* SynchronousProcessTests */,
			);
		};
/* End PBXProject section */

/* Begin PBXSourcesBuildPhase section */
		CompilePhase_SynchronousProcess /* Sources */ = {
			isa = PBXSourcesBuildPhase;
			buildActionMask = 0;
			files = (
				__src_cc_ref_Sources/SynchronousProcess.swift /* SynchronousProcess.swift in Sources */,
			);
			runOnlyForDeploymentPostprocessing = 0;
		};
		CompilePhase_SynchronousProcessTests /* Sources */ = {
			isa = PBXSourcesBuildPhase;
			buildActionMask = 0;
			files = (
				__src_cc_ref_Tests/SynchronousProcessTests/SynchronousProcessTests.swift /* SynchronousProcessTests.swift in Sources */,
			);
			runOnlyForDeploymentPostprocessing = 0;
		};
/* End PBXSourcesBuildPhase section */

/* Begin PBXTargetDependency section */
		__Dependency_SynchronousProcess /* PBXTargetDependency */ = {
			isa = PBXTargetDependency;
			target = "______Target_SynchronousProcess" /* SynchronousProcess */;
			targetProxy = 388A2FE11D66914000EB2046 /* PBXContainerItemProxy */;
		};
/* End PBXTargetDependency section */

/* Begin XCBuildConfiguration section */
		388A2FE51D66925700EB2046 /* Debug */ = {
			isa = XCBuildConfiguration;
			buildSettings = {
				ALWAYS_SEARCH_USER_PATHS = NO;
				CLANG_ANALYZER_NONNULL = YES;
				CLANG_CXX_LANGUAGE_STANDARD = "gnu++0x";
				CLANG_CXX_LIBRARY = "libc++";
				CLANG_ENABLE_MODULES = YES;
				CLANG_ENABLE_OBJC_ARC = YES;
				CLANG_WARN_BOOL_CONVERSION = YES;
				CLANG_WARN_CONSTANT_CONVERSION = YES;
				CLANG_WARN_DIRECT_OBJC_ISA_USAGE = YES_ERROR;
				CLANG_WARN_DOCUMENTATION_COMMENTS = YES;
				CLANG_WARN_EMPTY_BODY = YES;
				CLANG_WARN_ENUM_CONVERSION = YES;
				CLANG_WARN_INFINITE_RECURSION = YES;
				CLANG_WARN_INT_CONVERSION = YES;
				CLANG_WARN_OBJC_ROOT_CLASS = YES_ERROR;
				CLANG_WARN_SUSPICIOUS_MOVES = YES;
				CLANG_WARN_UNREACHABLE_CODE = YES;
				CLANG_WARN__DUPLICATE_METHOD_MATCH = YES;
				COPY_PHASE_STRIP = NO;
				DEBUGGING_SYMBOLS = YES;
				DEBUG_INFORMATION_FORMAT = dwarf;
				DEVELOPMENT_TEAM = A43A74F4MB;
				ENABLE_STRICT_OBJC_MSGSEND = YES;
				ENABLE_TESTABILITY = YES;
				GCC_C_LANGUAGE_STANDARD = gnu99;
				GCC_DYNAMIC_NO_PIC = NO;
				GCC_GENERATE_DEBUGGING_SYMBOLS = YES;
				GCC_NO_COMMON_BLOCKS = YES;
				GCC_OPTIMIZATION_LEVEL = 0;
				GCC_PREPROCESSOR_DEFINITIONS = (
					"DEBUG=1",
					"$(inherited)",
				);
				GCC_WARN_64_TO_32_BIT_CONVERSION = YES;
				GCC_WARN_ABOUT_RETURN_TYPE = YES_ERROR;
				GCC_WARN_UNDECLARED_SELECTOR = YES;
				GCC_WARN_UNINITIALIZED_AUTOS = YES_AGGRESSIVE;
				GCC_WARN_UNUSED_FUNCTION = YES;
				GCC_WARN_UNUSED_VARIABLE = YES;
				MTL_ENABLE_DEBUG_INFO = YES;
				ONLY_ACTIVE_ARCH = YES;
				OTHER_CFLAGS = "";
				OTHER_LDFLAGS = "";
				PRODUCT_NAME = "$(TARGET_NAME)";
			};
			name = Debug;
		};
		388A2FE61D66925700EB2046 /* Release */ = {
			isa = XCBuildConfiguration;
			buildSettings = {
				ALWAYS_SEARCH_USER_PATHS = NO;
				CLANG_ANALYZER_NONNULL = YES;
				CLANG_CXX_LANGUAGE_STANDARD = "gnu++0x";
				CLANG_CXX_LIBRARY = "libc++";
				CLANG_ENABLE_MODULES = YES;
				CLANG_ENABLE_OBJC_ARC = YES;
				CLANG_WARN_BOOL_CONVERSION = YES;
				CLANG_WARN_CONSTANT_CONVERSION = YES;
				CLANG_WARN_DIRECT_OBJC_ISA_USAGE = YES_ERROR;
				CLANG_WARN_DOCUMENTATION_COMMENTS = YES;
				CLANG_WARN_EMPTY_BODY = YES;
				CLANG_WARN_ENUM_CONVERSION = YES;
				CLANG_WARN_INFINITE_RECURSION = YES;
				CLANG_WARN_INT_CONVERSION = YES;
				CLANG_WARN_OBJC_ROOT_CLASS = YES_ERROR;
				CLANG_WARN_SUSPICIOUS_MOVES = YES;
				CLANG_WARN_UNREACHABLE_CODE = YES;
				CLANG_WARN__DUPLICATE_METHOD_MATCH = YES;
				COPY_PHASE_STRIP = NO;
				DEBUG_INFORMATION_FORMAT = "dwarf-with-dsym";
				DEVELOPMENT_TEAM = A43A74F4MB;
				ENABLE_NS_ASSERTIONS = NO;
				ENABLE_STRICT_OBJC_MSGSEND = YES;
				GCC_C_LANGUAGE_STANDARD = gnu99;
				GCC_NO_COMMON_BLOCKS = YES;
				GCC_WARN_64_TO_32_BIT_CONVERSION = YES;
				GCC_WARN_ABOUT_RETURN_TYPE = YES_ERROR;
				GCC_WARN_UNDECLARED_SELECTOR = YES;
				GCC_WARN_UNINITIALIZED_AUTOS = YES_AGGRESSIVE;
				GCC_WARN_UNUSED_FUNCTION = YES;
				GCC_WARN_UNUSED_VARIABLE = YES;
				MTL_ENABLE_DEBUG_INFO = NO;
				OTHER_CFLAGS = "";
				OTHER_LDFLAGS = "";
				PRODUCT_NAME = "$(TARGET_NAME)";
			};
			name = Release;
		};
		_ReleaseConf_SynchronousProcess /* Release */ = {
			isa = XCBuildConfiguration;
			buildSettings = {
				ENABLE_TESTABILITY = YES;
				FRAMEWORK_SEARCH_PATHS = "$(PLATFORM_DIR)/Developer/Library/Frameworks";
				INFOPLIST_FILE = SynchronousProcess.xcodeproj/SynchronousProcess_Info.plist;
				LD_RUNPATH_SEARCH_PATHS = "$(TOOLCHAIN_DIR)/usr/lib/swift/macosx";
				OTHER_LDFLAGS = "$(inherited)";
				OTHER_SWIFT_FLAGS = "$(inherited)";
				PRODUCT_BUNDLE_IDENTIFIER = SynchronousProcess;
				PRODUCT_MODULE_NAME = "$(TARGET_NAME:c99extidentifier)";
				PRODUCT_NAME = "$(TARGET_NAME:c99extidentifier)";
				SWIFT_VERSION = 3.0;
			};
			name = Release;
		};
		_ReleaseConf_SynchronousProcessTests /* Release */ = {
			isa = XCBuildConfiguration;
			buildSettings = {
				EMBEDDED_CONTENT_CONTAINS_SWIFT = YES;
				FRAMEWORK_SEARCH_PATHS = "$(PLATFORM_DIR)/Developer/Library/Frameworks";
				INFOPLIST_FILE = SynchronousProcess.xcodeproj/SynchronousProcessTests_Info.plist;
				LD_RUNPATH_SEARCH_PATHS = "@loader_path/../Frameworks";
				OTHER_LDFLAGS = "$(inherited)";
				OTHER_SWIFT_FLAGS = "$(inherited)";
				SWIFT_VERSION = 3.0;
			};
			name = Release;
		};
		"___DebugConf_SynchronousProcess" /* Debug */ = {
			isa = XCBuildConfiguration;
			buildSettings = {
				ENABLE_TESTABILITY = YES;
				FRAMEWORK_SEARCH_PATHS = "$(PLATFORM_DIR)/Developer/Library/Frameworks";
				INFOPLIST_FILE = SynchronousProcess.xcodeproj/SynchronousProcess_Info.plist;
				LD_RUNPATH_SEARCH_PATHS = "$(TOOLCHAIN_DIR)/usr/lib/swift/macosx";
				OTHER_LDFLAGS = "$(inherited)";
				OTHER_SWIFT_FLAGS = "$(inherited)";
				PRODUCT_BUNDLE_IDENTIFIER = SynchronousProcess;
				PRODUCT_MODULE_NAME = "$(TARGET_NAME:c99extidentifier)";
				PRODUCT_NAME = "$(TARGET_NAME:c99extidentifier)";
				SWIFT_OPTIMIZATION_LEVEL = "-Onone";
				SWIFT_VERSION = 3.0;
			};
			name = Debug;
		};
		"___DebugConf_SynchronousProcessTests" /* Debug */ = {
			isa = XCBuildConfiguration;
			buildSettings = {
				EMBEDDED_CONTENT_CONTAINS_SWIFT = YES;
				FRAMEWORK_SEARCH_PATHS = "$(PLATFORM_DIR)/Developer/Library/Frameworks";
				INFOPLIST_FILE = SynchronousProcess.xcodeproj/SynchronousProcessTests_Info.plist;
				LD_RUNPATH_SEARCH_PATHS = "@loader_path/../Frameworks";
				OTHER_LDFLAGS = "$(inherited)";
				OTHER_SWIFT_FLAGS = "$(inherited)";
				SWIFT_OPTIMIZATION_LEVEL = "-Onone";
				SWIFT_VERSION = 3.0;
			};
			name = Debug;
		};
		"_____Release_" /* Release */ = {
			isa = XCBuildConfiguration;
			baseConfigurationReference = __PBXFileRef_SynchronousProcess.xcodeproj/Configs/Project.xcconfig /* SynchronousProcess.xcodeproj/Configs/Project.xcconfig */;
			buildSettings = {
			};
			name = Release;
		};
		"_______Debug_" /* Debug */ = {
			isa = XCBuildConfiguration;
			baseConfigurationReference = __PBXFileRef_SynchronousProcess.xcodeproj/Configs/Project.xcconfig /* SynchronousProcess.xcodeproj/Configs/Project.xcconfig */;
			buildSettings = {
			};
			name = Debug;
		};
/* End XCBuildConfiguration section */

/* Begin XCConfigurationList section */
		388A2FE41D66925700EB2046 /* Build configuration list for PBXLegacyTarget "ExternalBuild" */ = {
			isa = XCConfigurationList;
			buildConfigurations = (
				388A2FE51D66925700EB2046 /* Debug */,
				388A2FE61D66925700EB2046 /* Release */,
			);
			defaultConfigurationIsVisible = 0;
			defaultConfigurationName = Debug;
		};
		"___RootConfs_" /* Build configuration list for PBXProject "SynchronousProcess" */ = {
			isa = XCConfigurationList;
			buildConfigurations = (
				"_______Debug_" /* Debug */,
				"_____Release_" /* Release */,
			);
			defaultConfigurationIsVisible = 0;
			defaultConfigurationName = Debug;
		};
		"_______Confs_SynchronousProcess" /* Build configuration list for PBXNativeTarget "SynchronousProcess" */ = {
			isa = XCConfigurationList;
			buildConfigurations = (
				"___DebugConf_SynchronousProcess" /* Debug */,
				_ReleaseConf_SynchronousProcess /* Release */,
			);
			defaultConfigurationIsVisible = 0;
			defaultConfigurationName = Debug;
		};
		"_______Confs_SynchronousProcessTests" /* Build configuration list for PBXNativeTarget "SynchronousProcessTests" */ = {
			isa = XCConfigurationList;
			buildConfigurations = (
				"___DebugConf_SynchronousProcessTests" /* Debug */,
				_ReleaseConf_SynchronousProcessTests /* Release */,
			);
			defaultConfigurationIsVisible = 0;
			defaultConfigurationName = Debug;
		};
/* End XCConfigurationList section */
	};
	rootObject = __RootObject_ /* Project object */;
}
